// !$*UTF8*$!
{
"archiveVersion" = 1;
"classes" = {

};
"objectVersion" = 56;
"objects" = {
"000000000000000000000001" = {
"isa" = "PBXFileReference";
"lastKnownFileType" = "sourcecode.c.objc";
"path" = "main.m";
"sourceTree" = "<group>";
};
"000000000000000000000002" = {
"isa" = "PBXFileReference";
"lastKnownFileType" = "sourcecode.c.h";
"path" = "AppDelegate.h";
"sourceTree" = "<group>";
};
"000000000000000000000003" = {
"isa" = "PBXFileReference";
"lastKnownFileType" = "sourcecode.c.objc";
"path" = "AppDelegate.m";
"sourceTree" = "<group>";
};
"000000000000000000000004" = {
"isa" = "PBXFileReference";
"lastKnownFileType" = "sourcecode.c.h";
"path" = "BasicViewController.h";
"sourceTree" = "<group>";
};
"000000000000000000000005" = {
"isa" = "PBXFileReference";
"lastKnownFileType" = "sourcecode.c.objc";
"path" = "BasicViewController.m";
"sourceTree" = "<group>";
};
"000000000000000000000006" = {
"isa" = "PBXFileReference";
"lastKnownFileType" = "file.xib";
"path" = "BasicViewController.xib";
"sourceTree" = "<group>";
};
"000000000000000000000007" = {
"isa" = "PBXFileReference";
"lastKnownFileType" = "sourcecode.c.objc";
"path" = "BasicViewControllerTests.m";
"sourceTree" = "<group>";
};
"000000000000000000000008" = {
"isa" = "PBXBuildFile";
"fileRef" = 000000000000000000000001;
};
"000000000000000000000009" = {
"isa" = "PBXBuildFile";
"fileRef" = 000000000000000000000003;
};
"00000000000000000000000A" = {
"isa" = "PBXBuildFile";
"fileRef" = 000000000000000000000005;
};
"00000000000000000000000B" = {
"isa" = "PBXBuildFile";
"fileRef" = 000000000000000000000006;
};
"00000000000000000000000C" = {
"isa" = "PBXBuildFile";
"fileRef" = 000000000000000000000007;
};
"00000000000000000000000D" = {
"isa" = "PBXFileReference";
"explicitFileType" = "wrapper.application";
"path" = "UIKitTest.app";
"sourceTree" = "BUILT_PRODUCTS_DIR";
};
"00000000000000000000000E" = {
"isa" = "PBXFileReference";
"explicitFileType" = "wrapper.cfbundle";
"path" = "UIKitTestTests.xctest";
"sourceTree" = "BUILT_PRODUCTS_DIR";
};
"00000000000000000000000F" = {
"isa" = "PBXGroup";
"children" = (000000000000000000000001, 000000000000000000000002, 000000000000000000000003, 000000000000000000000004, 000000000000000000000005, 000000000000000000000006);
"path" = "UIKitTest";
"sourceTree" = "<group>";
};
"000000000000000000000010" = {
"isa" = "PBXGroup";
"children" = (000000000000000000000007);
"path" = "UIKitTestTests";
"sourceTree" = "<group>";
};
"000000000000000000000011" = {
"isa" = "PBXGroup";
"children" = (00000000000000000000000D, 00000000000000000000000E);
"name" = "Products";
"sourceTree" = "<group>";
};
"000000000000000000000012" = {
"isa" = "PBXGroup";
"children" = (00000000000000000000000F, 000000000000000000000010, 000000000000000000000011);
"sourceTree" = "<group>";
};
"000000000000000000000013" = {
"isa" = "PBXSourcesBuildPhase";
"buildActionMask" = 2147483647;
"files" = (000000000000000000000008, 000000000000000000000009, 00000000000000000000000A);
"runOnlyForDeploymentPostprocessing" = 0;
};
"000000000000000000000014" = {
"isa" = "PBXResourcesBuildPhase";
"buildActionMask" = 2147483647;
"files" = (00000000000000000000000B);
"runOnlyForDeploymentPostprocessing" = 0;
};
"000000000000000000000015" = {
"isa" = "PBXFrameworksBuildPhase";
"buildActionMask" = 2147483647;
"files" = ();
"runOnlyForDeploymentPostprocessing" = 0;
};
"000000000000000000000016" = {
"isa" = "PBXSourcesBuildPhase";
"buildActionMask" = 2147483647;
"files" = (00000000000000000000000C);
"runOnlyForDeploymentPostprocessing" = 0;
};
"000000000000000000000017" = {
"isa" = "PBXResourcesBuildPhase";
"buildActionMask" = 2147483647;
"files" = ();
"runOnlyForDeploymentPostprocessing" = 0;
};
"000000000000000000000018" = {
"isa" = "PBXFrameworksBuildPhase";
"buildActionMask" = 2147483647;
"files" = ();
"runOnlyForDeploymentPostprocessing" = 0;
};
"000000000000000000000019" = {
"isa" = "XCBuildConfiguration";
"buildSettings" = {
"CLANG_ENABLE_MODULES" = "YES";
"CLANG_ENABLE_OBJC_ARC" = "YES";
"CLANG_WARN_OBJC_IMPLICIT_RETAIN_SELF" = "YES";
"GCC_WARN_64_TO_32_BIT_CONVERSION" = "YES";
"GCC_WARN_UNDECLARED_SELECTOR" = "YES";
"IPHONEOS_DEPLOYMENT_TARGET" = "15.0";
"SDKROOT" = "iphoneos";
"TARGETED_DEVICE_FAMILY" = "1,2";
"GCC_OPTIMIZATION_LEVEL" = "0";
"DEBUG_INFORMATION_FORMAT" = "dwarf";
"ENABLE_TESTABILITY" = "YES";
};
"name" = "Debug";
};
"00000000000000000000001A" = {
"isa" = "XCBuildConfiguration";
"buildSettings" = {
"CLANG_ENABLE_MODULES" = "YES";
"CLANG_ENABLE_OBJC_ARC" = "YES";
"CLANG_WARN_OBJC_IMPLICIT_RETAIN_SELF" = "YES";
"GCC_WARN_64_TO_32_BIT_CONVERSION" = "YES";
"GCC_WARN_UNDECLARED_SELECTOR" = "YES";
"IPHONEOS_DEPLOYMENT_TARGET" = "15.0";
"SDKROOT" = "iphoneos";
"TARGETED_DEVICE_FAMILY" = "1,2";
"GCC_OPTIMIZATION_LEVEL" = "s";
"DEBUG_INFORMATION_FORMAT" = "dwarf-with-dsym";
"ENABLE_TESTABILITY" = "NO";
};
"name" = "Release";
};
"00000000000000000000001B" = {
"isa" = "XCConfigurationList";
"buildConfigurations" = (000000000000000000000019, 00000000000000000000001A);
"defaultConfigurationIsVisible" = 0;
"defaultConfigurationName" = "Release";
};
"00000000000000000000001C" = {
"isa" = "XCBuildConfiguration";
"buildSettings" = {
"PRODUCT_NAME" = "$(TARGET_NAME)";
"PRODUCT_BUNDLE_IDENTIFIER" = "com.example.UIKitTest";
"GENERATE_INFOPLIST_FILE" = "YES";
"INFOPLIST_KEY_UILaunchScreen_Generation" = "YES";
"INFOPLIST_KEY_UISupportedInterfaceOrientations" = "UIInterfaceOrientationPortrait UIInterfaceOrientationLandscapeLeft UIInterfaceOrientationLandscapeRight";
"CODE_SIGN_STYLE" = "Automatic";
};
"name" = "Debug";
};
"00000000000000000000001D" = {
"isa" = "XCBuildConfiguration";
"buildSettings" = {
"PRODUCT_NAME" = "$(TARGET_NAME)";
"PRODUCT_BUNDLE_IDENTIFIER" = "com.example.UIKitTest";
"GENERATE_INFOPLIST_FILE" = "YES";
"INFOPLIST_KEY_UILaunchScreen_Generation" = "YES";
"INFOPLIST_KEY_UISupportedInterfaceOrientations" = "UIInterfaceOrientationPortrait UIInterfaceOrientationLandscapeLeft UIInterfaceOrientationLandscapeRight";
"CODE_SIGN_STYLE" = "Automatic";
};
"name" = "Release";
};
"00000000000000000000001E" = {
"isa" = "XCConfigurationList";
"buildConfigurations" = (00000000000000000000001C, 00000000000000000000001D);
"defaultConfigurationIsVisible" = 0;
"defaultConfigurationName" = "Release";
};
"00000000000000000000001F" = {
"isa" = "XCBuildConfiguration";
"buildSettings" = {
"PRODUCT_NAME" = "$(TARGET_NAME)";
"PRODUCT_BUNDLE_IDENTIFIER" = "com.example.UIKitTestTests";
"GENERATE_INFOPLIST_FILE" = "YES";
"TEST_HOST" = "$(BUILT_PRODUCTS_DIR)/UIKitTest.app/$(BUNDLE_EXECUTABLE_FOLDER_PATH)/UIKitTest";
"BUNDLE_LOADER" = "$(TEST_HOST)";
"HEADER_SEARCH_PATHS" = "$(SRCROOT)/UIKitTest";
"LD_RUNPATH_SEARCH_PATHS" = ("$(inherited)", "@executable_path/Frameworks", "@loader_path/Frameworks");
"CODE_SIGN_STYLE" = "Automatic";
};
"name" = "Debug";
};
"000000000000000000000020" = {
"isa" = "XCBuildConfiguration";
"buildSettings" = {
"PRODUCT_NAME" = "$(TARGET_NAME)";
"PRODUCT_BUNDLE_IDENTIFIER" = "com.example.UIKitTestTests";
"GENERATE_INFOPLIST_FILE" = "YES";
"TEST_HOST" = "$(BUILT_PRODUCTS_DIR)/UIKitTest.app/$(BUNDLE_EXECUTABLE_FOLDER_PATH)/UIKitTest";
"BUNDLE_LOADER" = "$(TEST_HOST)";
"HEADER_SEARCH_PATHS" = "$(SRCROOT)/UIKitTest";
"LD_RUNPATH_SEARCH_PATHS" = ("$(inherited)", "@executable_path/Frameworks", "@loader_path/Frameworks");
"CODE_SIGN_STYLE" = "Automatic";
};
"name" = "Release";
};
"000000000000000000000021" = {
"isa" = "XCConfigurationList";
"buildConfigurations" = (00000000000000000000001F, 000000000000000000000020);
"defaultConfigurationIsVisible" = 0;
"defaultConfigurationName" = "Release";
};
"000000000000000000000022" = {
"isa" = "PBXContainerItemProxy";
"containerPortal" = 000000000000000000000026;
"proxyType" = 1;
"remoteGlobalIDString" = 000000000000000000000024;
"remoteInfo" = "UIKitTest";
};
"000000000000000000000023" = {
"isa" = "PBXTargetDependency";
"target" = 000000000000000000000024;
"targetProxy" = 000000000000000000000022;
};
"000000000000000000000024" = {
"isa" = "PBXNativeTarget";
"buildConfigurationList" = 00000000000000000000001E;
"buildPhases" = (000000000000000000000013, 000000000000000000000015, 000000000000000000000014);
"buildRules" = ();
"dependencies" = ();
"name" = "UIKitTest";
"productName" = "UIKitTest";
"productReference" = 00000000000000000000000D;
"productType" = "com.apple.product-type.application";
};
"000000000000000000000025" = {
"isa" = "PBXNativeTarget";
"buildConfigurationList" = 000000000000000000000021;
"buildPhases" = (000000000000000000000016, 000000000000000000000018, 000000000000000000000017);
"buildRules" = ();
"dependencies" = (000000000000000000000023);
"name" = "UIKitTestTests";
"productName" = "UIKitTestTests";
"productReference" = 00000000000000000000000E;
"productType" = "com.apple.product-type.bundle.unit-test";
};
"000000000000000000000026" = {
"isa" = "PBXProject";
"attributes" = {
"BuildIndependentTargetsInParallel" = "YES";
"LastUpgradeCheck" = "2630";
};
"buildConfigurationList" = 00000000000000000000001B;
"compatibilityVersion" = "Xcode 14.0";
"developmentRegion" = "en";
"hasScannedForEncodings" = 0;
"knownRegions" = ("en", "Base");
"mainGroup" = 000000000000000000000012;
"productRefGroup" = 000000000000000000000011;
"projectDirPath" = "";
"projectRoot" = "";
"targets" = (000000000000000000000024, 000000000000000000000025);
};
};
"rootObject" = 000000000000000000000026;
}